
Microsoft Visual Studio Solution File, Format Version 12.00
# Visual Studio Version 17
VisualStudioVersion = 17.10.35004.147
MinimumVisualStudioVersion = 10.0.40219.1
Project("{9A19103F-16F7-4668-BE54-9A1E7A4F7556}") = "StudentTester", "StudentTester\StudentTester.csproj", "{30D9F5A3-8DEB-4EDD-BDD1-555AA9D5CDAB}"
EndProject
Project("{9A19103F-16F7-4668-BE54-9A1E7A4F7556}") = "StudentTesterV2", "StudentTesterV2\StudentTesterV2.csproj", "{F43729E4-63D8-40CC-84D5-A7C7A338527F}"
EndProject
Project("{FAE04EC0-301F-11D3-BF4B-00C04F79EFBC}") = "StudentTesterV3", "StudentTesterV3\StudentTesterV3.csproj", "{31247FA5-F9B1-4019-8B13-AAF468A05D66}"
EndProject
Global
	GlobalSection(SolutionConfigurationPlatforms) = preSolution
		Debug|Any CPU = Debug|Any CPU
		Release|Any CPU = Release|Any CPU
	EndGlobalSection
	GlobalSection(ProjectConfigurationPlatforms) = postSolution
		{30D9F5A3-8DEB-4EDD-BDD1-555AA9D5CDAB}.Debug|Any CPU.ActiveCfg = Debug|Any CPU
		{30D9F5A3-8DEB-4EDD-BDD1-555AA9D5CDAB}.Debug|Any CPU.Build.0 = Debug|Any CPU
		{30D9F5A3-8DEB-4EDD-BDD1-555AA9D5CDAB}.Release|Any CPU.ActiveCfg = Release|Any CPU
		{30D9F5A3-8DEB-4EDD-BDD1-555AA9D5CDAB}.Release|Any CPU.Build.0 = Release|Any CPU
		{F43729E4-63D8-40CC-84D5-A7C7A338527F}.Debug|Any CPU.ActiveCfg = Debug|Any CPU
		{F43729E4-63D8-40CC-84D5-A7C7A338527F}.Debug|Any CPU.Build.0 = Debug|Any CPU
		{F43729E4-63D8-40CC-84D5-A7C7A338527F}.Release|Any CPU.ActiveCfg = Release|Any CPU
		{F43729E4-63D8-40CC-84D5-A7C7A338527F}.Release|Any CPU.Build.0 = Release|Any CPU
		{31247FA5-F9B1-4019-8B13-AAF468A05D66}.Debug|Any CPU.ActiveCfg = Debug|Any CPU
		{31247FA5-F9B1-4019-8B13-AAF468A05D66}.Debug|Any CPU.Build.0 = Debug|Any CPU
		{31247FA5-F9B1-4019-8B13-AAF468A05D66}.Release|Any CPU.ActiveCfg = Release|Any CPU
		{31247FA5-F9B1-4019-8B13-AAF468A05D66}.Release|Any CPU.Build.0 = Release|Any CPU
	EndGlobalSection
	GlobalSection(SolutionProperties) = preSolution
		HideSolutionNode = FALSE
	EndGlobalSection
	GlobalSection(ExtensibilityGlobals) = postSolution
		SolutionGuid = {894D148B-5066-43DB-915A-E4ADD0A3CC9B}
	EndGlobalSection
EndGlobal
