
Microsoft Visual Studio Solution File, Format Version 12.00
# Visual Studio Version 17
VisualStudioVersion = 17.10.35004.147
MinimumVisualStudioVersion = 10.0.40219.1
Project("{FAE04EC0-301F-11D3-BF4B-00C04F79EFBC}") = "Poems", "Poems\Poems.csproj", "{240EC69B-763D-4015-97A5-73F2DBDF0B70}"
EndProject
Project("{FAE04EC0-301F-11D3-BF4B-00C04F79EFBC}") = "Musics", "Musics\Musics.csproj", "{F35961F9-1238-4599-8CD1-965B43129C7C}"
EndProject
Global
	GlobalSection(SolutionConfigurationPlatforms) = preSolution
		Debug|Any CPU = Debug|Any CPU
		Release|Any CPU = Release|Any CPU
	EndGlobalSection
	GlobalSection(ProjectConfigurationPlatforms) = postSolution
		{240EC69B-763D-4015-97A5-73F2DBDF0B70}.Debug|Any CPU.ActiveCfg = Debug|Any CPU
		{240EC69B-763D-4015-97A5-73F2DBDF0B70}.Debug|Any CPU.Build.0 = Debug|Any CPU
		{240EC69B-763D-4015-97A5-73F2DBDF0B70}.Release|Any CPU.ActiveCfg = Release|Any CPU
		{240EC69B-763D-4015-97A5-73F2DBDF0B70}.Release|Any CPU.Build.0 = Release|Any CPU
		{F35961F9-1238-4599-8CD1-965B43129C7C}.Debug|Any CPU.ActiveCfg = Debug|Any CPU
		{F35961F9-1238-4599-8CD1-965B43129C7C}.Debug|Any CPU.Build.0 = Debug|Any CPU
		{F35961F9-1238-4599-8CD1-965B43129C7C}.Release|Any CPU.ActiveCfg = Release|Any CPU
		{F35961F9-1238-4599-8CD1-965B43129C7C}.Release|Any CPU.Build.0 = Release|Any CPU
	EndGlobalSection
	GlobalSection(SolutionProperties) = preSolution
		HideSolutionNode = FALSE
	EndGlobalSection
	GlobalSection(ExtensibilityGlobals) = postSolution
		SolutionGuid = {845F2BD6-393C-4802-88E6-6609CF921605}
	EndGlobalSection
EndGlobal
